
Microsoft Visual Studio Solution File, Format Version 12.00
# Visual Studio Version 17
Project("{8BC9CEB8-8B4A-11D0-8D11-00A0C91BC942}") = "ALL_BUILD", "ALL_BUILD.vcxproj", "{3D83395B-84E1-36F9-A3A4-93361E330DAD}"
	ProjectSection(ProjectDependencies) = postProject
		{A96FA708-D436-3F08-9971-EEC562DE8AE6} = {A96FA708-D436-3F08-9971-EEC562DE8AE6}
		{A5F6B683-DD23-31D1-8091-965D0FEBE6B1} = {A5F6B683-DD23-31D1-8091-965D0FEBE6B1}
		{26DE273B-5901-39CB-A0F7-8C03F77DC5D3} = {26DE273B-5901-39CB-A0F7-8C03F77DC5D3}
		{45AD62CB-E189-3B0C-84A4-F74E6E68A049} = {45AD62CB-E189-3B0C-84A4-F74E6E68A049}
		{A09F7119-32C7-318E-92C0-A49FA57F92D2} = {A09F7119-32C7-318E-92C0-A49FA57F92D2}
		{94047264-7E5C-35A9-A0B3-F119E9CC7CCF} = {94047264-7E5C-35A9-A0B3-F119E9CC7CCF}
		{0E91386F-2D20-31C2-A148-2AA24B5B1D36} = {0E91386F-2D20-31C2-A148-2AA24B5B1D36}
	EndProjectSection
EndProject
Project("{8BC9CEB8-8B4A-11D0-8D11-00A0C91BC942}") = "INSTALL", "INSTALL.vcxproj", "{7B05AEBD-F1DC-3826-89FB-7CB2C78D8F72}"
	ProjectSection(ProjectDependencies) = postProject
		{3D83395B-84E1-36F9-A3A4-93361E330DAD} = {3D83395B-84E1-36F9-A3A4-93361E330DAD}
		{A96FA708-D436-3F08-9971-EEC562DE8AE6} = {A96FA708-D436-3F08-9971-EEC562DE8AE6}
	EndProjectSection
EndProject
Project("{8BC9CEB8-8B4A-11D0-8D11-00A0C91BC942}") = "RUN_TESTS", "RUN_TESTS.vcxproj", "{AFFB3A8D-D60B-3EF7-8E1C-0F37DC450931}"
	ProjectSection(ProjectDependencies) = postProject
		{A96FA708-D436-3F08-9971-EEC562DE8AE6} = {A96FA708-D436-3F08-9971-EEC562DE8AE6}
	EndProjectSection
EndProject
Project("{8BC9CEB8-8B4A-11D0-8D11-00A0C91BC942}") = "ZERO_CHECK", "ZERO_CHECK.vcxproj", "{A96FA708-D436-3F08-9971-EEC562DE8AE6}"
	ProjectSection(ProjectDependencies) = postProject
	EndProjectSection
EndProject
Project("{8BC9CEB8-8B4A-11D0-8D11-00A0C91BC942}") = "_als", "implicit\cpu\_als.vcxproj", "{A5F6B683-DD23-31D1-8091-965D0FEBE6B1}"
	ProjectSection(ProjectDependencies) = postProject
		{A96FA708-D436-3F08-9971-EEC562DE8AE6} = {A96FA708-D436-3F08-9971-EEC562DE8AE6}
	EndProjectSection
EndProject
Project("{8BC9CEB8-8B4A-11D0-8D11-00A0C91BC942}") = "_nearest_neighbours", "implicit\_nearest_neighbours.vcxproj", "{26DE273B-5901-39CB-A0F7-8C03F77DC5D3}"
	ProjectSection(ProjectDependencies) = postProject
		{A96FA708-D436-3F08-9971-EEC562DE8AE6} = {A96FA708-D436-3F08-9971-EEC562DE8AE6}
	EndProjectSection
EndProject
Project("{8BC9CEB8-8B4A-11D0-8D11-00A0C91BC942}") = "bpr", "implicit\cpu\bpr.vcxproj", "{45AD62CB-E189-3B0C-84A4-F74E6E68A049}"
	ProjectSection(ProjectDependencies) = postProject
		{A96FA708-D436-3F08-9971-EEC562DE8AE6} = {A96FA708-D436-3F08-9971-EEC562DE8AE6}
	EndProjectSection
EndProject
Project("{8BC9CEB8-8B4A-11D0-8D11-00A0C91BC942}") = "evaluation", "implicit\evaluation.vcxproj", "{A09F7119-32C7-318E-92C0-A49FA57F92D2}"
	ProjectSection(ProjectDependencies) = postProject
		{A96FA708-D436-3F08-9971-EEC562DE8AE6} = {A96FA708-D436-3F08-9971-EEC562DE8AE6}
	EndProjectSection
EndProject
Project("{8BC9CEB8-8B4A-11D0-8D11-00A0C91BC942}") = "lmf", "implicit\cpu\lmf.vcxproj", "{94047264-7E5C-35A9-A0B3-F119E9CC7CCF}"
	ProjectSection(ProjectDependencies) = postProject
		{A96FA708-D436-3F08-9971-EEC562DE8AE6} = {A96FA708-D436-3F08-9971-EEC562DE8AE6}
	EndProjectSection
EndProject
Project("{8BC9CEB8-8B4A-11D0-8D11-00A0C91BC942}") = "topk", "implicit\cpu\topk.vcxproj", "{0E91386F-2D20-31C2-A148-2AA24B5B1D36}"
	ProjectSection(ProjectDependencies) = postProject
		{A96FA708-D436-3F08-9971-EEC562DE8AE6} = {A96FA708-D436-3F08-9971-EEC562DE8AE6}
	EndProjectSection
EndProject
Global
	GlobalSection(SolutionConfigurationPlatforms) = preSolution
		Debug|x64 = Debug|x64
		Release|x64 = Release|x64
		MinSizeRel|x64 = MinSizeRel|x64
		RelWithDebInfo|x64 = RelWithDebInfo|x64
	EndGlobalSection
	GlobalSection(ProjectConfigurationPlatforms) = postSolution
		{3D83395B-84E1-36F9-A3A4-93361E330DAD}.Debug|x64.ActiveCfg = Debug|x64
		{3D83395B-84E1-36F9-A3A4-93361E330DAD}.Debug|x64.Build.0 = Debug|x64
		{3D83395B-84E1-36F9-A3A4-93361E330DAD}.Release|x64.ActiveCfg = Release|x64
		{3D83395B-84E1-36F9-A3A4-93361E330DAD}.Release|x64.Build.0 = Release|x64
		{3D83395B-84E1-36F9-A3A4-93361E330DAD}.MinSizeRel|x64.ActiveCfg = MinSizeRel|x64
		{3D83395B-84E1-36F9-A3A4-93361E330DAD}.MinSizeRel|x64.Build.0 = MinSizeRel|x64
		{3D83395B-84E1-36F9-A3A4-93361E330DAD}.RelWithDebInfo|x64.ActiveCfg = RelWithDebInfo|x64
		{3D83395B-84E1-36F9-A3A4-93361E330DAD}.RelWithDebInfo|x64.Build.0 = RelWithDebInfo|x64
		{7B05AEBD-F1DC-3826-89FB-7CB2C78D8F72}.Debug|x64.ActiveCfg = Debug|x64
		{7B05AEBD-F1DC-3826-89FB-7CB2C78D8F72}.Release|x64.ActiveCfg = Release|x64
		{7B05AEBD-F1DC-3826-89FB-7CB2C78D8F72}.MinSizeRel|x64.ActiveCfg = MinSizeRel|x64
		{7B05AEBD-F1DC-3826-89FB-7CB2C78D8F72}.RelWithDebInfo|x64.ActiveCfg = RelWithDebInfo|x64
		{AFFB3A8D-D60B-3EF7-8E1C-0F37DC450931}.Debug|x64.ActiveCfg = Debug|x64
		{AFFB3A8D-D60B-3EF7-8E1C-0F37DC450931}.Release|x64.ActiveCfg = Release|x64
		{AFFB3A8D-D60B-3EF7-8E1C-0F37DC450931}.MinSizeRel|x64.ActiveCfg = MinSizeRel|x64
		{AFFB3A8D-D60B-3EF7-8E1C-0F37DC450931}.RelWithDebInfo|x64.ActiveCfg = RelWithDebInfo|x64
		{A96FA708-D436-3F08-9971-EEC562DE8AE6}.Debug|x64.ActiveCfg = Debug|x64
		{A96FA708-D436-3F08-9971-EEC562DE8AE6}.Debug|x64.Build.0 = Debug|x64
		{A96FA708-D436-3F08-9971-EEC562DE8AE6}.Release|x64.ActiveCfg = Release|x64
		{A96FA708-D436-3F08-9971-EEC562DE8AE6}.Release|x64.Build.0 = Release|x64
		{A96FA708-D436-3F08-9971-EEC562DE8AE6}.MinSizeRel|x64.ActiveCfg = MinSizeRel|x64
		{A96FA708-D436-3F08-9971-EEC562DE8AE6}.MinSizeRel|x64.Build.0 = MinSizeRel|x64
		{A96FA708-D436-3F08-9971-EEC562DE8AE6}.RelWithDebInfo|x64.ActiveCfg = RelWithDebInfo|x64
		{A96FA708-D436-3F08-9971-EEC562DE8AE6}.RelWithDebInfo|x64.Build.0 = RelWithDebInfo|x64
		{A5F6B683-DD23-31D1-8091-965D0FEBE6B1}.Debug|x64.ActiveCfg = Debug|x64
		{A5F6B683-DD23-31D1-8091-965D0FEBE6B1}.Debug|x64.Build.0 = Debug|x64
		{A5F6B683-DD23-31D1-8091-965D0FEBE6B1}.Release|x64.ActiveCfg = Release|x64
		{A5F6B683-DD23-31D1-8091-965D0FEBE6B1}.Release|x64.Build.0 = Release|x64
		{A5F6B683-DD23-31D1-8091-965D0FEBE6B1}.MinSizeRel|x64.ActiveCfg = MinSizeRel|x64
		{A5F6B683-DD23-31D1-8091-965D0FEBE6B1}.MinSizeRel|x64.Build.0 = MinSizeRel|x64
		{A5F6B683-DD23-31D1-8091-965D0FEBE6B1}.RelWithDebInfo|x64.ActiveCfg = RelWithDebInfo|x64
		{A5F6B683-DD23-31D1-8091-965D0FEBE6B1}.RelWithDebInfo|x64.Build.0 = RelWithDebInfo|x64
		{26DE273B-5901-39CB-A0F7-8C03F77DC5D3}.Debug|x64.ActiveCfg = Debug|x64
		{26DE273B-5901-39CB-A0F7-8C03F77DC5D3}.Debug|x64.Build.0 = Debug|x64
		{26DE273B-5901-39CB-A0F7-8C03F77DC5D3}.Release|x64.ActiveCfg = Release|x64
		{26DE273B-5901-39CB-A0F7-8C03F77DC5D3}.Release|x64.Build.0 = Release|x64
		{26DE273B-5901-39CB-A0F7-8C03F77DC5D3}.MinSizeRel|x64.ActiveCfg = MinSizeRel|x64
		{26DE273B-5901-39CB-A0F7-8C03F77DC5D3}.MinSizeRel|x64.Build.0 = MinSizeRel|x64
		{26DE273B-5901-39CB-A0F7-8C03F77DC5D3}.RelWithDebInfo|x64.ActiveCfg = RelWithDebInfo|x64
		{26DE273B-5901-39CB-A0F7-8C03F77DC5D3}.RelWithDebInfo|x64.Build.0 = RelWithDebInfo|x64
		{45AD62CB-E189-3B0C-84A4-F74E6E68A049}.Debug|x64.ActiveCfg = Debug|x64
		{45AD62CB-E189-3B0C-84A4-F74E6E68A049}.Debug|x64.Build.0 = Debug|x64
		{45AD62CB-E189-3B0C-84A4-F74E6E68A049}.Release|x64.ActiveCfg = Release|x64
		{45AD62CB-E189-3B0C-84A4-F74E6E68A049}.Release|x64.Build.0 = Release|x64
		{45AD62CB-E189-3B0C-84A4-F74E6E68A049}.MinSizeRel|x64.ActiveCfg = MinSizeRel|x64
		{45AD62CB-E189-3B0C-84A4-F74E6E68A049}.MinSizeRel|x64.Build.0 = MinSizeRel|x64
		{45AD62CB-E189-3B0C-84A4-F74E6E68A049}.RelWithDebInfo|x64.ActiveCfg = RelWithDebInfo|x64
		{45AD62CB-E189-3B0C-84A4-F74E6E68A049}.RelWithDebInfo|x64.Build.0 = RelWithDebInfo|x64
		{A09F7119-32C7-318E-92C0-A49FA57F92D2}.Debug|x64.ActiveCfg = Debug|x64
		{A09F7119-32C7-318E-92C0-A49FA57F92D2}.Debug|x64.Build.0 = Debug|x64
		{A09F7119-32C7-318E-92C0-A49FA57F92D2}.Release|x64.ActiveCfg = Release|x64
		{A09F7119-32C7-318E-92C0-A49FA57F92D2}.Release|x64.Build.0 = Release|x64
		{A09F7119-32C7-318E-92C0-A49FA57F92D2}.MinSizeRel|x64.ActiveCfg = MinSizeRel|x64
		{A09F7119-32C7-318E-92C0-A49FA57F92D2}.MinSizeRel|x64.Build.0 = MinSizeRel|x64
		{A09F7119-32C7-318E-92C0-A49FA57F92D2}.RelWithDebInfo|x64.ActiveCfg = RelWithDebInfo|x64
		{A09F7119-32C7-318E-92C0-A49FA57F92D2}.RelWithDebInfo|x64.Build.0 = RelWithDebInfo|x64
		{94047264-7E5C-35A9-A0B3-F119E9CC7CCF}.Debug|x64.ActiveCfg = Debug|x64
		{94047264-7E5C-35A9-A0B3-F119E9CC7CCF}.Debug|x64.Build.0 = Debug|x64
		{94047264-7E5C-35A9-A0B3-F119E9CC7CCF}.Release|x64.ActiveCfg = Release|x64
		{94047264-7E5C-35A9-A0B3-F119E9CC7CCF}.Release|x64.Build.0 = Release|x64
		{94047264-7E5C-35A9-A0B3-F119E9CC7CCF}.MinSizeRel|x64.ActiveCfg = MinSizeRel|x64
		{94047264-7E5C-35A9-A0B3-F119E9CC7CCF}.MinSizeRel|x64.Build.0 = MinSizeRel|x64
		{94047264-7E5C-35A9-A0B3-F119E9CC7CCF}.RelWithDebInfo|x64.ActiveCfg = RelWithDebInfo|x64
		{94047264-7E5C-35A9-A0B3-F119E9CC7CCF}.RelWithDebInfo|x64.Build.0 = RelWithDebInfo|x64
		{0E91386F-2D20-31C2-A148-2AA24B5B1D36}.Debug|x64.ActiveCfg = Debug|x64
		{0E91386F-2D20-31C2-A148-2AA24B5B1D36}.Debug|x64.Build.0 = Debug|x64
		{0E91386F-2D20-31C2-A148-2AA24B5B1D36}.Release|x64.ActiveCfg = Release|x64
		{0E91386F-2D20-31C2-A148-2AA24B5B1D36}.Release|x64.Build.0 = Release|x64
		{0E91386F-2D20-31C2-A148-2AA24B5B1D36}.MinSizeRel|x64.ActiveCfg = MinSizeRel|x64
		{0E91386F-2D20-31C2-A148-2AA24B5B1D36}.MinSizeRel|x64.Build.0 = MinSizeRel|x64
		{0E91386F-2D20-31C2-A148-2AA24B5B1D36}.RelWithDebInfo|x64.ActiveCfg = RelWithDebInfo|x64
		{0E91386F-2D20-31C2-A148-2AA24B5B1D36}.RelWithDebInfo|x64.Build.0 = RelWithDebInfo|x64
	EndGlobalSection
	GlobalSection(ExtensibilityGlobals) = postSolution
		SolutionGuid = {5290E691-EDC1-3065-B779-99FA2A9FB868}
	EndGlobalSection
	GlobalSection(ExtensibilityAddIns) = postSolution
	EndGlobalSection
EndGlobal
